{
  "name": "client",
  "version": "0.1.0",
  "lockfileVersion": 3,
  "requires": true,
  "packages": {
    "": {
      "dependencies": {
        "gfg-enigma": "file:.."
      }
    },
    "..": {
      "name": "gfg-enigma",
      "version": "1.0.0",
      "license": "MIT"
    },
    "node_modules/gfg-enigma": {
      "resolved": "..",
      "link": true
    }
  }
}
